
Microsoft Visual Studio Solution File, Format Version 12.00
# Visual Studio 15
Project("{FAE04EC0-301F-11D3-BF4B-00C04F79EFBC}") = "Assembly-CSharp", "Assembly-CSharp.csproj", "{B23A5DAF-9C13-A08A-E6F3-1F49A96914D6}"
EndProject
Project("{FAE04EC0-301F-11D3-BF4B-00C04F79EFBC}") = "Assembly-CSharp-Editor", "Assembly-CSharp-Editor.csproj", "{FA2B2F57-F174-ED45-CFB1-6D130860C26C}"
EndProject
Global
	GlobalSection(SolutionConfigurationPlatforms) = preSolution
		Debug|Any CPU = Debug|Any CPU
		Release|Any CPU = Release|Any CPU
	EndGlobalSection
	GlobalSection(ProjectConfigurationPlatforms) = postSolution
		{B23A5DAF-9C13-A08A-E6F3-1F49A96914D6}.Debug|Any CPU.ActiveCfg = Debug|Any CPU
		{B23A5DAF-9C13-A08A-E6F3-1F49A96914D6}.Debug|Any CPU.Build.0 = Debug|Any CPU
		{B23A5DAF-9C13-A08A-E6F3-1F49A96914D6}.Release|Any CPU.ActiveCfg = Release|Any CPU
		{B23A5DAF-9C13-A08A-E6F3-1F49A96914D6}.Release|Any CPU.Build.0 = Release|Any CPU
		{FA2B2F57-F174-ED45-CFB1-6D130860C26C}.Debug|Any CPU.ActiveCfg = Debug|Any CPU
		{FA2B2F57-F174-ED45-CFB1-6D130860C26C}.Debug|Any CPU.Build.0 = Debug|Any CPU
		{FA2B2F57-F174-ED45-CFB1-6D130860C26C}.Release|Any CPU.ActiveCfg = Release|Any CPU
		{FA2B2F57-F174-ED45-CFB1-6D130860C26C}.Release|Any CPU.Build.0 = Release|Any CPU
	EndGlobalSection
	GlobalSection(SolutionProperties) = preSolution
		HideSolutionNode = FALSE
	EndGlobalSection
EndGlobal
